
Microsoft Visual Studio Solution File, Format Version 12.00
# Visual Studio Version 16
VisualStudioVersion = 16.0.30204.135
MinimumVisualStudioVersion = 10.0.40219.1
Project("{2150E333-8FDC-42A3-9474-1A3956D46DE8}") = "Microservices", "Microservices", "{C41120EB-BB96-4198-88DA-54BCA3813CD0}"
EndProject
Project("{2150E333-8FDC-42A3-9474-1A3956D46DE8}") = "Domain", "Domain", "{21B66A9D-B4F6-43DD-A992-CB453D160B1F}"
EndProject
Project("{2150E333-8FDC-42A3-9474-1A3956D46DE8}") = "Infra.Bus", "Infra.Bus", "{3A80746C-D766-4836-97CB-77B73049A6F3}"
EndProject
Project("{2150E333-8FDC-42A3-9474-1A3956D46DE8}") = "Infra.IOC", "Infra.IOC", "{BF0F531C-EB79-4D54-A7F6-6E346FA47C22}"
EndProject
Project("{2150E333-8FDC-42A3-9474-1A3956D46DE8}") = "Presentation", "Presentation", "{5E251637-A9B1-4018-8BF7-3B880A0D6FDD}"
EndProject
Project("{FAE04EC0-301F-11D3-BF4B-00C04F79EFBC}") = "MicroRabbit.Domain.Core", "MicroRabbit.Domain.Core\MicroRabbit.Domain.Core.csproj", "{F8D822DA-973E-49A1-917F-8F1927F97F98}"
EndProject
Project("{FAE04EC0-301F-11D3-BF4B-00C04F79EFBC}") = "MicroRabbit.Infra.Bus", "MicroRabbit.Infra.Bus\MicroRabbit.Infra.Bus.csproj", "{E8AD421D-18C9-4962-806E-D67C0565A4FE}"
EndProject
Project("{FAE04EC0-301F-11D3-BF4B-00C04F79EFBC}") = "MicroRabbit.Infra.IOC", "MicroRabbit.Infra.IOC\MicroRabbit.Infra.IOC.csproj", "{C7281AF1-A405-4517-8E1F-6ED9545FBC52}"
EndProject
Global
	GlobalSection(SolutionConfigurationPlatforms) = preSolution
		Debug|Any CPU = Debug|Any CPU
		Release|Any CPU = Release|Any CPU
	EndGlobalSection
	GlobalSection(ProjectConfigurationPlatforms) = postSolution
		{F8D822DA-973E-49A1-917F-8F1927F97F98}.Debug|Any CPU.ActiveCfg = Debug|Any CPU
		{F8D822DA-973E-49A1-917F-8F1927F97F98}.Debug|Any CPU.Build.0 = Debug|Any CPU
		{F8D822DA-973E-49A1-917F-8F1927F97F98}.Release|Any CPU.ActiveCfg = Release|Any CPU
		{F8D822DA-973E-49A1-917F-8F1927F97F98}.Release|Any CPU.Build.0 = Release|Any CPU
		{E8AD421D-18C9-4962-806E-D67C0565A4FE}.Debug|Any CPU.ActiveCfg = Debug|Any CPU
		{E8AD421D-18C9-4962-806E-D67C0565A4FE}.Debug|Any CPU.Build.0 = Debug|Any CPU
		{E8AD421D-18C9-4962-806E-D67C0565A4FE}.Release|Any CPU.ActiveCfg = Release|Any CPU
		{E8AD421D-18C9-4962-806E-D67C0565A4FE}.Release|Any CPU.Build.0 = Release|Any CPU
		{C7281AF1-A405-4517-8E1F-6ED9545FBC52}.Debug|Any CPU.ActiveCfg = Debug|Any CPU
		{C7281AF1-A405-4517-8E1F-6ED9545FBC52}.Debug|Any CPU.Build.0 = Debug|Any CPU
		{C7281AF1-A405-4517-8E1F-6ED9545FBC52}.Release|Any CPU.ActiveCfg = Release|Any CPU
		{C7281AF1-A405-4517-8E1F-6ED9545FBC52}.Release|Any CPU.Build.0 = Release|Any CPU
	EndGlobalSection
	GlobalSection(SolutionProperties) = preSolution
		HideSolutionNode = FALSE
	EndGlobalSection
	GlobalSection(NestedProjects) = preSolution
		{F8D822DA-973E-49A1-917F-8F1927F97F98} = {21B66A9D-B4F6-43DD-A992-CB453D160B1F}
		{E8AD421D-18C9-4962-806E-D67C0565A4FE} = {3A80746C-D766-4836-97CB-77B73049A6F3}
		{C7281AF1-A405-4517-8E1F-6ED9545FBC52} = {BF0F531C-EB79-4D54-A7F6-6E346FA47C22}
	EndGlobalSection
	GlobalSection(ExtensibilityGlobals) = postSolution
		SolutionGuid = {0F505E2F-FE47-433E-A8B4-D920B9B3991A}
	EndGlobalSection
EndGlobal
