
Microsoft Visual Studio Solution File, Format Version 12.00
# Visual Studio Version 16
VisualStudioVersion = 16.0.30204.135
MinimumVisualStudioVersion = 10.0.40219.1
Project("{2150E333-8FDC-42A3-9474-1A3956D46DE8}") = "Microservices", "Microservices", "{C41120EB-BB96-4198-88DA-54BCA3813CD0}"
EndProject
Project("{2150E333-8FDC-42A3-9474-1A3956D46DE8}") = "Domain", "Domain", "{21B66A9D-B4F6-43DD-A992-CB453D160B1F}"
EndProject
Project("{2150E333-8FDC-42A3-9474-1A3956D46DE8}") = "Infra.Bus", "Infra.Bus", "{3A80746C-D766-4836-97CB-77B73049A6F3}"
EndProject
Project("{2150E333-8FDC-42A3-9474-1A3956D46DE8}") = "Infra.IOC", "Infra.IOC", "{BF0F531C-EB79-4D54-A7F6-6E346FA47C22}"
EndProject
Project("{2150E333-8FDC-42A3-9474-1A3956D46DE8}") = "Presentation", "Presentation", "{5E251637-A9B1-4018-8BF7-3B880A0D6FDD}"
EndProject
Project("{FAE04EC0-301F-11D3-BF4B-00C04F79EFBC}") = "MicroRabbit.Domain.Core", "MicroRabbit.Domain.Core\MicroRabbit.Domain.Core.csproj", "{F8D822DA-973E-49A1-917F-8F1927F97F98}"
EndProject
Project("{FAE04EC0-301F-11D3-BF4B-00C04F79EFBC}") = "MicroRabbit.Infra.Bus", "MicroRabbit.Infra.Bus\MicroRabbit.Infra.Bus.csproj", "{E8AD421D-18C9-4962-806E-D67C0565A4FE}"
EndProject
Project("{FAE04EC0-301F-11D3-BF4B-00C04F79EFBC}") = "MicroRabbit.Infra.IOC", "MicroRabbit.Infra.IOC\MicroRabbit.Infra.IOC.csproj", "{C7281AF1-A405-4517-8E1F-6ED9545FBC52}"
EndProject
Project("{2150E333-8FDC-42A3-9474-1A3956D46DE8}") = "Banking", "Banking", "{53138211-FA1D-4BF0-820B-412D91B9E5BA}"
EndProject
Project("{2150E333-8FDC-42A3-9474-1A3956D46DE8}") = "Api", "Api", "{9203072F-0E89-4014-9B42-0CC86505CC3F}"
EndProject
Project("{2150E333-8FDC-42A3-9474-1A3956D46DE8}") = "Domain", "Domain", "{B0198591-3187-47CC-90DD-39C5B5AEA9DD}"
EndProject
Project("{2150E333-8FDC-42A3-9474-1A3956D46DE8}") = "Application", "Application", "{D36FD225-CA8C-41C7-B473-3ADB71E67479}"
EndProject
Project("{2150E333-8FDC-42A3-9474-1A3956D46DE8}") = "Data", "Data", "{A75BFCE8-6CEE-40A0-9BFC-1F91DC5DD3D5}"
EndProject
Project("{FAE04EC0-301F-11D3-BF4B-00C04F79EFBC}") = "MicroRabbit.Banking.Api", "MicroRabbit.Banking.Api\MicroRabbit.Banking.Api.csproj", "{754EE80D-3740-4ED1-AEDC-FDDA9CA72266}"
EndProject
Project("{FAE04EC0-301F-11D3-BF4B-00C04F79EFBC}") = "MicroRabbit.Banking.Application", "MicroRabbit.Banking.Application\MicroRabbit.Banking.Application.csproj", "{E38DA9B9-42AD-48D7-9F30-C303682A095F}"
EndProject
Project("{FAE04EC0-301F-11D3-BF4B-00C04F79EFBC}") = "MicroRabbit.Banking.Data", "MicroRabbit.Banking.Data\MicroRabbit.Banking.Data.csproj", "{6CB83E8A-0620-4A64-8AA6-1E5FCEDC9DCC}"
EndProject
Project("{FAE04EC0-301F-11D3-BF4B-00C04F79EFBC}") = "MicroRabbit.Banking.Domain", "MicroRabbit.Banking.Domain\MicroRabbit.Banking.Domain.csproj", "{96B10918-D3B4-4397-88EA-61A460DF00C2}"
EndProject
Project("{2150E333-8FDC-42A3-9474-1A3956D46DE8}") = "Transfer", "Transfer", "{2D6933ED-D2F1-4A69-AA4E-DD80774F8DC1}"
EndProject
Project("{2150E333-8FDC-42A3-9474-1A3956D46DE8}") = "Api", "Api", "{DD7232FD-5DE1-49A1-B007-3077A4271217}"
EndProject
Project("{2150E333-8FDC-42A3-9474-1A3956D46DE8}") = "Application", "Application", "{4A65B663-2C02-4F92-A75B-E1325EEA8CD1}"
EndProject
Project("{2150E333-8FDC-42A3-9474-1A3956D46DE8}") = "Data", "Data", "{3127A8F0-4CDA-465E-B4D1-F1D6495F7A93}"
EndProject
Project("{2150E333-8FDC-42A3-9474-1A3956D46DE8}") = "Domain", "Domain", "{2047C8C4-633A-4109-9580-696304EA7ACC}"
EndProject
Project("{FAE04EC0-301F-11D3-BF4B-00C04F79EFBC}") = "MicroRabbit.Transfer.Api", "MicroRabbit.Transfer.Api\MicroRabbit.Transfer.Api.csproj", "{D20891A8-EF2B-4D18-B889-0C7C1AB52D8E}"
EndProject
Project("{FAE04EC0-301F-11D3-BF4B-00C04F79EFBC}") = "MicroRabbit.Transfer.Application", "MicroRabbit.Transfer.Application\MicroRabbit.Transfer.Application.csproj", "{0B95078B-3AE3-4029-9880-3A848E36F56A}"
EndProject
Project("{FAE04EC0-301F-11D3-BF4B-00C04F79EFBC}") = "MicroRabbit.Transfer.Data", "MicroRabbit.Transfer.Data\MicroRabbit.Transfer.Data.csproj", "{106A6AD7-A467-4AA5-8581-B5580E00A463}"
EndProject
Project("{FAE04EC0-301F-11D3-BF4B-00C04F79EFBC}") = "MicroRabbit.Transfer.Domain", "MicroRabbit.Transfer.Domain\MicroRabbit.Transfer.Domain.csproj", "{4BB36AAC-33C4-42AB-9E51-93A67832F57C}"
EndProject
Global
	GlobalSection(SolutionConfigurationPlatforms) = preSolution
		Debug|Any CPU = Debug|Any CPU
		Release|Any CPU = Release|Any CPU
	EndGlobalSection
	GlobalSection(ProjectConfigurationPlatforms) = postSolution
		{F8D822DA-973E-49A1-917F-8F1927F97F98}.Debug|Any CPU.ActiveCfg = Debug|Any CPU
		{F8D822DA-973E-49A1-917F-8F1927F97F98}.Debug|Any CPU.Build.0 = Debug|Any CPU
		{F8D822DA-973E-49A1-917F-8F1927F97F98}.Release|Any CPU.ActiveCfg = Release|Any CPU
		{F8D822DA-973E-49A1-917F-8F1927F97F98}.Release|Any CPU.Build.0 = Release|Any CPU
		{E8AD421D-18C9-4962-806E-D67C0565A4FE}.Debug|Any CPU.ActiveCfg = Debug|Any CPU
		{E8AD421D-18C9-4962-806E-D67C0565A4FE}.Debug|Any CPU.Build.0 = Debug|Any CPU
		{E8AD421D-18C9-4962-806E-D67C0565A4FE}.Release|Any CPU.ActiveCfg = Release|Any CPU
		{E8AD421D-18C9-4962-806E-D67C0565A4FE}.Release|Any CPU.Build.0 = Release|Any CPU
		{C7281AF1-A405-4517-8E1F-6ED9545FBC52}.Debug|Any CPU.ActiveCfg = Debug|Any CPU
		{C7281AF1-A405-4517-8E1F-6ED9545FBC52}.Debug|Any CPU.Build.0 = Debug|Any CPU
		{C7281AF1-A405-4517-8E1F-6ED9545FBC52}.Release|Any CPU.ActiveCfg = Release|Any CPU
		{C7281AF1-A405-4517-8E1F-6ED9545FBC52}.Release|Any CPU.Build.0 = Release|Any CPU
		{754EE80D-3740-4ED1-AEDC-FDDA9CA72266}.Debug|Any CPU.ActiveCfg = Debug|Any CPU
		{754EE80D-3740-4ED1-AEDC-FDDA9CA72266}.Debug|Any CPU.Build.0 = Debug|Any CPU
		{754EE80D-3740-4ED1-AEDC-FDDA9CA72266}.Release|Any CPU.ActiveCfg = Release|Any CPU
		{754EE80D-3740-4ED1-AEDC-FDDA9CA72266}.Release|Any CPU.Build.0 = Release|Any CPU
		{E38DA9B9-42AD-48D7-9F30-C303682A095F}.Debug|Any CPU.ActiveCfg = Debug|Any CPU
		{E38DA9B9-42AD-48D7-9F30-C303682A095F}.Debug|Any CPU.Build.0 = Debug|Any CPU
		{E38DA9B9-42AD-48D7-9F30-C303682A095F}.Release|Any CPU.ActiveCfg = Release|Any CPU
		{E38DA9B9-42AD-48D7-9F30-C303682A095F}.Release|Any CPU.Build.0 = Release|Any CPU
		{6CB83E8A-0620-4A64-8AA6-1E5FCEDC9DCC}.Debug|Any CPU.ActiveCfg = Debug|Any CPU
		{6CB83E8A-0620-4A64-8AA6-1E5FCEDC9DCC}.Debug|Any CPU.Build.0 = Debug|Any CPU
		{6CB83E8A-0620-4A64-8AA6-1E5FCEDC9DCC}.Release|Any CPU.ActiveCfg = Release|Any CPU
		{6CB83E8A-0620-4A64-8AA6-1E5FCEDC9DCC}.Release|Any CPU.Build.0 = Release|Any CPU
		{96B10918-D3B4-4397-88EA-61A460DF00C2}.Debug|Any CPU.ActiveCfg = Debug|Any CPU
		{96B10918-D3B4-4397-88EA-61A460DF00C2}.Debug|Any CPU.Build.0 = Debug|Any CPU
		{96B10918-D3B4-4397-88EA-61A460DF00C2}.Release|Any CPU.ActiveCfg = Release|Any CPU
		{96B10918-D3B4-4397-88EA-61A460DF00C2}.Release|Any CPU.Build.0 = Release|Any CPU
		{D20891A8-EF2B-4D18-B889-0C7C1AB52D8E}.Debug|Any CPU.ActiveCfg = Debug|Any CPU
		{D20891A8-EF2B-4D18-B889-0C7C1AB52D8E}.Debug|Any CPU.Build.0 = Debug|Any CPU
		{D20891A8-EF2B-4D18-B889-0C7C1AB52D8E}.Release|Any CPU.ActiveCfg = Release|Any CPU
		{D20891A8-EF2B-4D18-B889-0C7C1AB52D8E}.Release|Any CPU.Build.0 = Release|Any CPU
		{0B95078B-3AE3-4029-9880-3A848E36F56A}.Debug|Any CPU.ActiveCfg = Debug|Any CPU
		{0B95078B-3AE3-4029-9880-3A848E36F56A}.Debug|Any CPU.Build.0 = Debug|Any CPU
		{0B95078B-3AE3-4029-9880-3A848E36F56A}.Release|Any CPU.ActiveCfg = Release|Any CPU
		{0B95078B-3AE3-4029-9880-3A848E36F56A}.Release|Any CPU.Build.0 = Release|Any CPU
		{106A6AD7-A467-4AA5-8581-B5580E00A463}.Debug|Any CPU.ActiveCfg = Debug|Any CPU
		{106A6AD7-A467-4AA5-8581-B5580E00A463}.Debug|Any CPU.Build.0 = Debug|Any CPU
		{106A6AD7-A467-4AA5-8581-B5580E00A463}.Release|Any CPU.ActiveCfg = Release|Any CPU
		{106A6AD7-A467-4AA5-8581-B5580E00A463}.Release|Any CPU.Build.0 = Release|Any CPU
		{4BB36AAC-33C4-42AB-9E51-93A67832F57C}.Debug|Any CPU.ActiveCfg = Debug|Any CPU
		{4BB36AAC-33C4-42AB-9E51-93A67832F57C}.Debug|Any CPU.Build.0 = Debug|Any CPU
		{4BB36AAC-33C4-42AB-9E51-93A67832F57C}.Release|Any CPU.ActiveCfg = Release|Any CPU
		{4BB36AAC-33C4-42AB-9E51-93A67832F57C}.Release|Any CPU.Build.0 = Release|Any CPU
	EndGlobalSection
	GlobalSection(SolutionProperties) = preSolution
		HideSolutionNode = FALSE
	EndGlobalSection
	GlobalSection(NestedProjects) = preSolution
		{F8D822DA-973E-49A1-917F-8F1927F97F98} = {21B66A9D-B4F6-43DD-A992-CB453D160B1F}
		{E8AD421D-18C9-4962-806E-D67C0565A4FE} = {3A80746C-D766-4836-97CB-77B73049A6F3}
		{C7281AF1-A405-4517-8E1F-6ED9545FBC52} = {BF0F531C-EB79-4D54-A7F6-6E346FA47C22}
		{53138211-FA1D-4BF0-820B-412D91B9E5BA} = {C41120EB-BB96-4198-88DA-54BCA3813CD0}
		{9203072F-0E89-4014-9B42-0CC86505CC3F} = {53138211-FA1D-4BF0-820B-412D91B9E5BA}
		{B0198591-3187-47CC-90DD-39C5B5AEA9DD} = {53138211-FA1D-4BF0-820B-412D91B9E5BA}
		{D36FD225-CA8C-41C7-B473-3ADB71E67479} = {53138211-FA1D-4BF0-820B-412D91B9E5BA}
		{A75BFCE8-6CEE-40A0-9BFC-1F91DC5DD3D5} = {53138211-FA1D-4BF0-820B-412D91B9E5BA}
		{754EE80D-3740-4ED1-AEDC-FDDA9CA72266} = {9203072F-0E89-4014-9B42-0CC86505CC3F}
		{E38DA9B9-42AD-48D7-9F30-C303682A095F} = {D36FD225-CA8C-41C7-B473-3ADB71E67479}
		{6CB83E8A-0620-4A64-8AA6-1E5FCEDC9DCC} = {A75BFCE8-6CEE-40A0-9BFC-1F91DC5DD3D5}
		{96B10918-D3B4-4397-88EA-61A460DF00C2} = {B0198591-3187-47CC-90DD-39C5B5AEA9DD}
		{2D6933ED-D2F1-4A69-AA4E-DD80774F8DC1} = {C41120EB-BB96-4198-88DA-54BCA3813CD0}
		{DD7232FD-5DE1-49A1-B007-3077A4271217} = {2D6933ED-D2F1-4A69-AA4E-DD80774F8DC1}
		{4A65B663-2C02-4F92-A75B-E1325EEA8CD1} = {2D6933ED-D2F1-4A69-AA4E-DD80774F8DC1}
		{3127A8F0-4CDA-465E-B4D1-F1D6495F7A93} = {2D6933ED-D2F1-4A69-AA4E-DD80774F8DC1}
		{2047C8C4-633A-4109-9580-696304EA7ACC} = {2D6933ED-D2F1-4A69-AA4E-DD80774F8DC1}
		{D20891A8-EF2B-4D18-B889-0C7C1AB52D8E} = {DD7232FD-5DE1-49A1-B007-3077A4271217}
		{0B95078B-3AE3-4029-9880-3A848E36F56A} = {4A65B663-2C02-4F92-A75B-E1325EEA8CD1}
		{106A6AD7-A467-4AA5-8581-B5580E00A463} = {3127A8F0-4CDA-465E-B4D1-F1D6495F7A93}
		{4BB36AAC-33C4-42AB-9E51-93A67832F57C} = {2047C8C4-633A-4109-9580-696304EA7ACC}
	EndGlobalSection
	GlobalSection(ExtensibilityGlobals) = postSolution
		SolutionGuid = {0F505E2F-FE47-433E-A8B4-D920B9B3991A}
	EndGlobalSection
EndGlobal
